<?xml version="1.0" encoding="utf-8"?>
<Project ToolsVersion="4.0" xmlns="http://schemas.microsoft.com/developer/msbuild/2003">
  <ItemGroup>
    <Filter Include="source">
      <UniqueIdentifier>{4FC737F1-C7A5-4376-A066-2A32D752A2FF}</UniqueIdentifier>
      <Extensions>cpp;c;cc;cxx;def;odl;idl;hpj;bat;asm;asmx</Extensions>
    </Filter>
    <Filter Include="source\helpers">
      <UniqueIdentifier>{3fefdbb5-4168-4ee0-a7a5-e2fac081aaed}</UniqueIdentifier>
    </Filter>
    <Filter Include="source\null-gui">
      <UniqueIdentifier>{d7245b14-f5be-481c-acf6-46f3af8e2435}</UniqueIdentifier>
    </Filter>
    <Filter Include="source\null-gui\null-input">
      <UniqueIdentifier>{b7c36ea2-7c58-4ead-b53f-7f18021c0441}</UniqueIdentifier>
    </Filter>
    <Filter Include="source\null-gui\controls">
      <UniqueIdentifier>{886da5ee-bc9e-4cd1-9a53-776777e20c55}</UniqueIdentifier>
    </Filter>
    <Filter Include="source\null-gui\null-render">
      <UniqueIdentifier>{dc2d2b50-165f-403a-bb65-11257488ca1f}</UniqueIdentifier>
    </Filter>
    <Filter Include="source\utils">
      <UniqueIdentifier>{d9d60076-51a8-4072-bf0d-c9145a437efe}</UniqueIdentifier>
    </Filter>
  </ItemGroup>
  <ItemGroup>
    <ClCompile Include="main.cpp">
      <Filter>source</Filter>
    </ClCompile>
    <ClCompile Include="null-gui\null-gui.cpp">
      <Filter>source\null-gui</Filter>
    </ClCompile>
    <ClCompile Include="null-gui\null-input\null-input.cpp">
      <Filter>source\null-gui\null-input</Filter>
    </ClCompile>
    <ClCompile Include="null-gui\null-render\null-render.cpp">
      <Filter>source\null-gui\null-render</Filter>
    </ClCompile>
    <ClCompile Include="null-gui\controls\button.cpp">
      <Filter>source\null-gui\controls</Filter>
    </ClCompile>
    <ClCompile Include="null-gui\controls\text.cpp">
      <Filter>source\null-gui\controls</Filter>
    </ClCompile>
    <ClCompile Include="null-gui\controls\window.cpp">
      <Filter>source\null-gui\controls</Filter>
    </ClCompile>
    <ClCompile Include="utils\utils.cpp">
      <Filter>source\utils</Filter>
    </ClCompile>
    <ClCompile Include="null-gui\controls\checkbox.cpp">
      <Filter>source\null-gui\controls</Filter>
    </ClCompile>
    <ClCompile Include="null-gui\controls\sliders.cpp">
      <Filter>source\null-gui\controls</Filter>
    </ClCompile>
    <ClCompile Include="null-gui\controls\combo.cpp">
      <Filter>source\null-gui\controls</Filter>
    </ClCompile>
    <ClCompile Include="null-gui\controls\multicombo.cpp">
      <Filter>source\null-gui\controls</Filter>
    </ClCompile>
    <ClCompile Include="null-gui\controls\selectable.cpp">
      <Filter>source\null-gui\controls</Filter>
    </ClCompile>
    <ClCompile Include="null-gui\controls\colorpicker.cpp">
      <Filter>source\null-gui\controls</Filter>
    </ClCompile>
    <ClCompile Include="null-gui\controls\column.cpp">
      <Filter>source\null-gui\controls</Filter>
    </ClCompile>
    <ClCompile Include="null-gui\controls\text_input.cpp">
      <Filter>source\null-gui\controls</Filter>
    </ClCompile>
  </ItemGroup>
  <ItemGroup>
    <ClInclude Include="null-gui\null-gui.h">
      <Filter>source\null-gui</Filter>
    </ClInclude>
    <ClInclude Include="null-gui\null-input\null-input.h">
      <Filter>source\null-gui\null-input</Filter>
    </ClInclude>
    <ClInclude Include="null-gui\null-render\null-render.h">
      <Filter>source\null-gui\null-render</Filter>
    </ClInclude>
    <ClInclude Include="helpers\color.h">
      <Filter>source\helpers</Filter>
    </ClInclude>
    <ClInclude Include="helpers\vectors.h">
      <Filter>source\helpers</Filter>
    </ClInclude>
    <ClInclude Include="utils\utils.h">
      <Filter>source\utils</Filter>
    </ClInclude>
  </ItemGroup>
</Project>