
Microsoft Visual Studio Solution File, Format Version 12.00
# Visual Studio Version 16
VisualStudioVersion = 16.0.29613.14
MinimumVisualStudioVersion = 10.0.40219.1
Project("{8BC9CEB8-8B4A-11D0-8D11-00A0C91BC942}") = "example-directx9", "examples\example-directx9\example-directx9.vcxproj", "{0FE8CCD6-E0C7-44E3-8AE0-DA3ECBE543D8}"
EndProject
Project("{8BC9CEB8-8B4A-11D0-8D11-00A0C91BC942}") = "example-directx11", "examples\example-directx11\example-directx11.vcxproj", "{DCC5DE53-00B1-469E-8FA6-1976B36852E9}"
EndProject
Global
	GlobalSection(SolutionConfigurationPlatforms) = preSolution
		Debug|x64 = Debug|x64
		Debug|x86 = Debug|x86
		Release|x64 = Release|x64
		Release|x86 = Release|x86
	EndGlobalSection
	GlobalSection(ProjectConfigurationPlatforms) = postSolution
		{0FE8CCD6-E0C7-44E3-8AE0-DA3ECBE543D8}.Debug|x64.ActiveCfg = Debug|x64
		{0FE8CCD6-E0C7-44E3-8AE0-DA3ECBE543D8}.Debug|x64.Build.0 = Debug|x64
		{0FE8CCD6-E0C7-44E3-8AE0-DA3ECBE543D8}.Debug|x86.ActiveCfg = Debug|Win32
		{0FE8CCD6-E0C7-44E3-8AE0-DA3ECBE543D8}.Debug|x86.Build.0 = Debug|Win32
		{0FE8CCD6-E0C7-44E3-8AE0-DA3ECBE543D8}.Release|x64.ActiveCfg = Release|x64
		{0FE8CCD6-E0C7-44E3-8AE0-DA3ECBE543D8}.Release|x64.Build.0 = Release|x64
		{0FE8CCD6-E0C7-44E3-8AE0-DA3ECBE543D8}.Release|x86.ActiveCfg = Release|Win32
		{0FE8CCD6-E0C7-44E3-8AE0-DA3ECBE543D8}.Release|x86.Build.0 = Release|Win32
		{DCC5DE53-00B1-469E-8FA6-1976B36852E9}.Debug|x64.ActiveCfg = Debug|x64
		{DCC5DE53-00B1-469E-8FA6-1976B36852E9}.Debug|x64.Build.0 = Debug|x64
		{DCC5DE53-00B1-469E-8FA6-1976B36852E9}.Debug|x86.ActiveCfg = Debug|Win32
		{DCC5DE53-00B1-469E-8FA6-1976B36852E9}.Debug|x86.Build.0 = Debug|Win32
		{DCC5DE53-00B1-469E-8FA6-1976B36852E9}.Release|x64.ActiveCfg = Release|x64
		{DCC5DE53-00B1-469E-8FA6-1976B36852E9}.Release|x64.Build.0 = Release|x64
		{DCC5DE53-00B1-469E-8FA6-1976B36852E9}.Release|x86.ActiveCfg = Release|Win32
		{DCC5DE53-00B1-469E-8FA6-1976B36852E9}.Release|x86.Build.0 = Release|Win32
	EndGlobalSection
	GlobalSection(SolutionProperties) = preSolution
		HideSolutionNode = FALSE
	EndGlobalSection
	GlobalSection(ExtensibilityGlobals) = postSolution
		SolutionGuid = {FDFDA2F7-840A-48A0-A9E2-A30CC34EB83D}
	EndGlobalSection
EndGlobal
