<?xml version="1.0" encoding="utf-8"?>
<Project ToolsVersion="4.0" xmlns="http://schemas.microsoft.com/developer/msbuild/2003">
  <ItemGroup>
    <Filter Include="source">
      <UniqueIdentifier>{4FC737F1-C7A5-4376-A066-2A32D752A2FF}</UniqueIdentifier>
      <Extensions>cpp;c;cc;cxx;c++;cppm;ixx;def;odl;idl;hpj;bat;asm;asmx</Extensions>
    </Filter>
    <Filter Include="source\utils">
      <UniqueIdentifier>{10713e6b-2b48-4c77-89f4-2689ba462328}</UniqueIdentifier>
    </Filter>
    <Filter Include="source\null">
      <UniqueIdentifier>{3d2ae5f0-fdf1-4a73-8aa6-0a9f0e66416c}</UniqueIdentifier>
    </Filter>
    <Filter Include="source\null\gui">
      <UniqueIdentifier>{5af83770-a0ac-42fb-b469-eba7ed544958}</UniqueIdentifier>
    </Filter>
    <Filter Include="source\null\input">
      <UniqueIdentifier>{e6fbdf1d-129a-4956-ae5b-fe35a04994c0}</UniqueIdentifier>
    </Filter>
    <Filter Include="source\null\render">
      <UniqueIdentifier>{775df414-2986-4402-8f26-91a8e2170eef}</UniqueIdentifier>
    </Filter>
    <Filter Include="source\null\gui\controls">
      <UniqueIdentifier>{083982f2-ee90-4539-a5e8-82aa9f3ba1a4}</UniqueIdentifier>
    </Filter>
    <Filter Include="source\null\render\directx9">
      <UniqueIdentifier>{c79611b1-a3d3-4201-b5a6-1f08dbb535a0}</UniqueIdentifier>
    </Filter>
    <Filter Include="source\null\render\directx9\shaders">
      <UniqueIdentifier>{dc2c3d14-5631-42fd-b988-4ff99aed108f}</UniqueIdentifier>
    </Filter>
    <Filter Include="source\null\render\directx9\shaders\blur">
      <UniqueIdentifier>{4df6a495-731a-4c63-9858-da82aefbd0ce}</UniqueIdentifier>
    </Filter>
    <Filter Include="source\null\render\directx9\shaders\vertex">
      <UniqueIdentifier>{c478f58d-05d5-43f4-9641-f75635a81397}</UniqueIdentifier>
    </Filter>
    <Filter Include="source\null\render\stb">
      <UniqueIdentifier>{c9d4bcbd-d68d-41ea-a9e7-3050811e8052}</UniqueIdentifier>
    </Filter>
    <Filter Include="source\datatypes">
      <UniqueIdentifier>{04de2c39-c178-434e-a603-ceb58c38e2e4}</UniqueIdentifier>
    </Filter>
    <Filter Include="source\math">
      <UniqueIdentifier>{a0560cfd-ae8d-4d36-ac9f-b93f3917b287}</UniqueIdentifier>
    </Filter>
  </ItemGroup>
  <ItemGroup>
    <ClCompile Include="main.cpp">
      <Filter>source</Filter>
    </ClCompile>
    <ClCompile Include="..\..\null-gui\utils\utils.cpp">
      <Filter>source\utils</Filter>
    </ClCompile>
    <ClCompile Include="..\..\null-gui\null\gui\controls\button.cpp">
      <Filter>source\null\gui\controls</Filter>
    </ClCompile>
    <ClCompile Include="..\..\null-gui\null\gui\controls\checkbox.cpp">
      <Filter>source\null\gui\controls</Filter>
    </ClCompile>
    <ClCompile Include="..\..\null-gui\null\gui\controls\clickable_text.cpp">
      <Filter>source\null\gui\controls</Filter>
    </ClCompile>
    <ClCompile Include="..\..\null-gui\null\gui\controls\color_picker.cpp">
      <Filter>source\null\gui\controls</Filter>
    </ClCompile>
    <ClCompile Include="..\..\null-gui\null\gui\controls\column.cpp">
      <Filter>source\null\gui\controls</Filter>
    </ClCompile>
    <ClCompile Include="..\..\null-gui\null\gui\controls\combo.cpp">
      <Filter>source\null\gui\controls</Filter>
    </ClCompile>
    <ClCompile Include="..\..\null-gui\null\gui\controls\group.cpp">
      <Filter>source\null\gui\controls</Filter>
    </ClCompile>
    <ClCompile Include="..\..\null-gui\null\gui\controls\key_bind.cpp">
      <Filter>source\null\gui\controls</Filter>
    </ClCompile>
    <ClCompile Include="..\..\null-gui\null\gui\controls\multi_combo.cpp">
      <Filter>source\null\gui\controls</Filter>
    </ClCompile>
    <ClCompile Include="..\..\null-gui\null\gui\controls\scroll.cpp">
      <Filter>source\null\gui\controls</Filter>
    </ClCompile>
    <ClCompile Include="..\..\null-gui\null\gui\controls\selectable.cpp">
      <Filter>source\null\gui\controls</Filter>
    </ClCompile>
    <ClCompile Include="..\..\null-gui\null\gui\controls\sliders.cpp">
      <Filter>source\null\gui\controls</Filter>
    </ClCompile>
    <ClCompile Include="..\..\null-gui\null\gui\controls\text.cpp">
      <Filter>source\null\gui\controls</Filter>
    </ClCompile>
    <ClCompile Include="..\..\null-gui\null\gui\controls\text_input.cpp">
      <Filter>source\null\gui\controls</Filter>
    </ClCompile>
    <ClCompile Include="..\..\null-gui\null\gui\controls\window.cpp">
      <Filter>source\null\gui\controls</Filter>
    </ClCompile>
    <ClCompile Include="..\..\null-gui\null\gui\gui.cpp">
      <Filter>source\null\gui</Filter>
    </ClCompile>
    <ClCompile Include="..\..\null-gui\null\input\input.cpp">
      <Filter>source\null\input</Filter>
    </ClCompile>
    <ClCompile Include="..\..\null-gui\null\render\directx9\shaders\blur\blur.cpp">
      <Filter>source\null\render\directx9\shaders\blur</Filter>
    </ClCompile>
    <ClCompile Include="..\..\null-gui\null\render\directx9\shaders\shaders.cpp">
      <Filter>source\null\render\directx9\shaders</Filter>
    </ClCompile>
    <ClCompile Include="..\..\null-gui\null\render\directx9\directx9.cpp">
      <Filter>source\null\render\directx9</Filter>
    </ClCompile>
    <ClCompile Include="..\..\null-gui\null\render\render.cpp">
      <Filter>source\null\render</Filter>
    </ClCompile>
    <ClCompile Include="..\..\null-gui\math\math.cpp">
      <Filter>source\math</Filter>
    </ClCompile>
  </ItemGroup>
  <ItemGroup>
    <ClInclude Include="..\..\null-gui\utils\utils.h">
      <Filter>source\utils</Filter>
    </ClInclude>
    <ClInclude Include="..\..\null-gui\null\gui\gui.h">
      <Filter>source\null\gui</Filter>
    </ClInclude>
    <ClInclude Include="..\..\null-gui\null\input\input.h">
      <Filter>source\null\input</Filter>
    </ClInclude>
    <ClInclude Include="..\..\null-gui\null\render\directx9\shaders\shaders.h">
      <Filter>source\null\render\directx9\shaders</Filter>
    </ClInclude>
    <ClInclude Include="..\..\null-gui\null\render\directx9\directx9.h">
      <Filter>source\null\render\directx9</Filter>
    </ClInclude>
    <ClInclude Include="..\..\null-gui\null\render\stb\rectpack.h">
      <Filter>source\null\render\stb</Filter>
    </ClInclude>
    <ClInclude Include="..\..\null-gui\null\render\stb\truetype.h">
      <Filter>source\null\render\stb</Filter>
    </ClInclude>
    <ClInclude Include="..\..\null-gui\null\render\render.h">
      <Filter>source\null\render</Filter>
    </ClInclude>
    <ClInclude Include="..\..\null-gui\datatypes\color.h">
      <Filter>source\datatypes</Filter>
    </ClInclude>
    <ClInclude Include="..\..\null-gui\datatypes\flags_list.h">
      <Filter>source\datatypes</Filter>
    </ClInclude>
    <ClInclude Include="..\..\null-gui\datatypes\rect.h">
      <Filter>source\datatypes</Filter>
    </ClInclude>
    <ClInclude Include="..\..\null-gui\datatypes\vec2.h">
      <Filter>source\datatypes</Filter>
    </ClInclude>
    <ClInclude Include="..\..\null-gui\math\math.h">
      <Filter>source\math</Filter>
    </ClInclude>
  </ItemGroup>
  <ItemGroup>
    <FxCompile Include="..\..\null-gui\null\render\directx9\shaders\vertex\hlsl\vertex.hlsl">
      <Filter>source\null\render\directx9\shaders\vertex</Filter>
    </FxCompile>
    <FxCompile Include="..\..\null-gui\null\render\directx9\shaders\blur\hlsl\blur.hlsl">
      <Filter>source\null\render\directx9\shaders\blur</Filter>
    </FxCompile>
  </ItemGroup>
</Project>