<?xml version="1.0" encoding="utf-8"?>
<Project ToolsVersion="4.0" xmlns="http://schemas.microsoft.com/developer/msbuild/2003">
  <ItemGroup>
    <Filter Include="source">
      <UniqueIdentifier>{4FC737F1-C7A5-4376-A066-2A32D752A2FF}</UniqueIdentifier>
      <Extensions>cpp;c;cc;cxx;c++;cppm;ixx;def;odl;idl;hpj;bat;asm;asmx</Extensions>
    </Filter>
    <Filter Include="source\helpers">
      <UniqueIdentifier>{e5b57657-6ac4-4d64-8a2f-64282b51de9c}</UniqueIdentifier>
    </Filter>
    <Filter Include="source\utils">
      <UniqueIdentifier>{624e8749-2f46-4726-8b74-ac5d36bd5725}</UniqueIdentifier>
    </Filter>
    <Filter Include="source\null">
      <UniqueIdentifier>{4c4196ef-4d4f-4bf2-892a-9113b6cd1dba}</UniqueIdentifier>
    </Filter>
    <Filter Include="source\null\gui">
      <UniqueIdentifier>{87e7a33a-226d-46c7-a460-8e55c27ea3d8}</UniqueIdentifier>
    </Filter>
    <Filter Include="source\null\input">
      <UniqueIdentifier>{85a7f353-da0a-40c0-809b-a40c3ab1af57}</UniqueIdentifier>
    </Filter>
    <Filter Include="source\null\render">
      <UniqueIdentifier>{2c2a1f9e-b499-4857-a607-463f59f89e0e}</UniqueIdentifier>
    </Filter>
    <Filter Include="source\null\gui\controls">
      <UniqueIdentifier>{2a3f805f-109c-4413-94a1-15c96897cd80}</UniqueIdentifier>
    </Filter>
    <Filter Include="source\null\render\directx11">
      <UniqueIdentifier>{286fe1e8-cfb9-45e1-8a6b-18470b92193c}</UniqueIdentifier>
    </Filter>
    <Filter Include="source\null\render\stb">
      <UniqueIdentifier>{1d56e3cc-c782-44cd-9466-ab7470b7bbeb}</UniqueIdentifier>
    </Filter>
    <Filter Include="source\null\render\directx11\shaders">
      <UniqueIdentifier>{412312d3-9337-4cb4-8548-e1b58a19e610}</UniqueIdentifier>
    </Filter>
    <Filter Include="source\null\render\directx11\shaders\blur">
      <UniqueIdentifier>{b19410f8-a5e6-45c0-8135-6beb82e438ea}</UniqueIdentifier>
    </Filter>
    <Filter Include="source\null\render\directx11\shaders\vertex">
      <UniqueIdentifier>{86501db6-0aa1-4d75-8db6-b32c34835b99}</UniqueIdentifier>
    </Filter>
    <Filter Include="source\null\render\directx11\shaders\pixel">
      <UniqueIdentifier>{34c2296a-8b3c-4dfa-9abf-77046d202dba}</UniqueIdentifier>
    </Filter>
  </ItemGroup>
  <ItemGroup>
    <ClCompile Include="main.cpp">
      <Filter>source</Filter>
    </ClCompile>
    <ClCompile Include="..\..\null-gui\helpers\math.cpp">
      <Filter>source\helpers</Filter>
    </ClCompile>
    <ClCompile Include="..\..\null-gui\utils\utils.cpp">
      <Filter>source\utils</Filter>
    </ClCompile>
    <ClCompile Include="..\..\null-gui\null\render\directx11\shaders\pixel\pixel.cpp">
      <Filter>source\null\render\directx11\shaders\pixel</Filter>
    </ClCompile>
    <ClCompile Include="..\..\null-gui\null\render\directx11\shaders\vertex\vertex.cpp">
      <Filter>source\null\render\directx11\shaders\vertex</Filter>
    </ClCompile>
    <ClCompile Include="..\..\null-gui\null\render\directx11\shaders\blur\blur.cpp">
      <Filter>source\null\render\directx11\shaders\blur</Filter>
    </ClCompile>
    <ClCompile Include="..\..\null-gui\null\render\directx11\shaders\shaders.cpp">
      <Filter>source\null\render\directx11\shaders</Filter>
    </ClCompile>
    <ClCompile Include="..\..\null-gui\null\render\directx11\directx11.cpp">
      <Filter>source\null\render\directx11</Filter>
    </ClCompile>
    <ClCompile Include="..\..\null-gui\null\render\render.cpp">
      <Filter>source\null\render</Filter>
    </ClCompile>
    <ClCompile Include="..\..\null-gui\null\input\input.cpp">
      <Filter>source\null\input</Filter>
    </ClCompile>
    <ClCompile Include="..\..\null-gui\null\gui\gui.cpp">
      <Filter>source\null\gui</Filter>
    </ClCompile>
    <ClCompile Include="..\..\null-gui\null\gui\controls\button.cpp">
      <Filter>source\null\gui\controls</Filter>
    </ClCompile>
    <ClCompile Include="..\..\null-gui\null\gui\controls\checkbox.cpp">
      <Filter>source\null\gui\controls</Filter>
    </ClCompile>
    <ClCompile Include="..\..\null-gui\null\gui\controls\clickable_text.cpp">
      <Filter>source\null\gui\controls</Filter>
    </ClCompile>
    <ClCompile Include="..\..\null-gui\null\gui\controls\color_picker.cpp">
      <Filter>source\null\gui\controls</Filter>
    </ClCompile>
    <ClCompile Include="..\..\null-gui\null\gui\controls\column.cpp">
      <Filter>source\null\gui\controls</Filter>
    </ClCompile>
    <ClCompile Include="..\..\null-gui\null\gui\controls\combo.cpp">
      <Filter>source\null\gui\controls</Filter>
    </ClCompile>
    <ClCompile Include="..\..\null-gui\null\gui\controls\group.cpp">
      <Filter>source\null\gui\controls</Filter>
    </ClCompile>
    <ClCompile Include="..\..\null-gui\null\gui\controls\key_bind.cpp">
      <Filter>source\null\gui\controls</Filter>
    </ClCompile>
    <ClCompile Include="..\..\null-gui\null\gui\controls\multi_combo.cpp">
      <Filter>source\null\gui\controls</Filter>
    </ClCompile>
    <ClCompile Include="..\..\null-gui\null\gui\controls\scroll.cpp">
      <Filter>source\null\gui\controls</Filter>
    </ClCompile>
    <ClCompile Include="..\..\null-gui\null\gui\controls\selectable.cpp">
      <Filter>source\null\gui\controls</Filter>
    </ClCompile>
    <ClCompile Include="..\..\null-gui\null\gui\controls\sliders.cpp">
      <Filter>source\null\gui\controls</Filter>
    </ClCompile>
    <ClCompile Include="..\..\null-gui\null\gui\controls\text.cpp">
      <Filter>source\null\gui\controls</Filter>
    </ClCompile>
    <ClCompile Include="..\..\null-gui\null\gui\controls\text_input.cpp">
      <Filter>source\null\gui\controls</Filter>
    </ClCompile>
    <ClCompile Include="..\..\null-gui\null\gui\controls\window.cpp">
      <Filter>source\null\gui\controls</Filter>
    </ClCompile>
  </ItemGroup>
  <ItemGroup>
    <ClInclude Include="..\..\null-gui\helpers\color.h">
      <Filter>source\helpers</Filter>
    </ClInclude>
    <ClInclude Include="..\..\null-gui\helpers\flags_list.h">
      <Filter>source\helpers</Filter>
    </ClInclude>
    <ClInclude Include="..\..\null-gui\helpers\math.h">
      <Filter>source\helpers</Filter>
    </ClInclude>
    <ClInclude Include="..\..\null-gui\helpers\vectors.h">
      <Filter>source\helpers</Filter>
    </ClInclude>
    <ClInclude Include="..\..\null-gui\utils\utils.h">
      <Filter>source\utils</Filter>
    </ClInclude>
    <ClInclude Include="..\..\null-gui\null\render\directx11\shaders\shaders.h">
      <Filter>source\null\render\directx11\shaders</Filter>
    </ClInclude>
    <ClInclude Include="..\..\null-gui\null\render\directx11\directx11.h">
      <Filter>source\null\render\directx11</Filter>
    </ClInclude>
    <ClInclude Include="..\..\null-gui\null\render\render.h">
      <Filter>source\null\render</Filter>
    </ClInclude>
    <ClInclude Include="..\..\null-gui\null\render\stb\rectpack.h">
      <Filter>source\null\render\stb</Filter>
    </ClInclude>
    <ClInclude Include="..\..\null-gui\null\render\stb\truetype.h">
      <Filter>source\null\render\stb</Filter>
    </ClInclude>
    <ClInclude Include="..\..\null-gui\null\input\input.h">
      <Filter>source\null\input</Filter>
    </ClInclude>
    <ClInclude Include="..\..\null-gui\null\gui\gui.h">
      <Filter>source\null\gui</Filter>
    </ClInclude>
  </ItemGroup>
  <ItemGroup>
    <FxCompile Include="..\..\null-gui\null\render\directx11\shaders\pixel\hlsl\pixel.hlsl">
      <Filter>source\null\render\directx11\shaders\pixel</Filter>
    </FxCompile>
    <FxCompile Include="..\..\null-gui\null\render\directx11\shaders\vertex\hlsl\vertex.hlsl">
      <Filter>source\null\render\directx11\shaders\vertex</Filter>
    </FxCompile>
    <FxCompile Include="..\..\null-gui\null\render\directx11\shaders\blur\hlsl\blur_x.hlsl">
      <Filter>source\null\render\directx11\shaders\blur</Filter>
    </FxCompile>
    <FxCompile Include="..\..\null-gui\null\render\directx11\shaders\blur\hlsl\blur_y.hlsl">
      <Filter>source\null\render\directx11\shaders\blur</Filter>
    </FxCompile>
  </ItemGroup>
</Project>